dependencies:
- name: pgadmin4
  repository: https://helm.runix.net
  version: 1.6.8
- name: postgresql
  repository: https://charts.bitnami.com/bitnami
  version: 10.5.0
- name: mynotesapi
  repository: ""
  version: 0.2.2
- name: kratos
  repository: file://../2.basic_kratos
  version: 0.14.1
- name: oathkeeper
  repository: file://../ory_k8s/helm/charts/oathkeeper
  version: 0.14.0
- name: kratos-selfservice-ui-node
  repository: ""
  version: 0.15.1
- name: kubeview
  repository: http://kubeview.benco.io/charts/
  version: 0.1.20
- name: kube-prometheus-stack
  repository: https://prometheus-community.github.io/helm-charts
  version: 16.12.1
digest: sha256:40d9241b1c122f74be14b3e051192ca10e179a5ae4dacca02caed6174543a659
generated: "2021-07-20T10:47:56.026904836+02:00"
