dependencies:
- name: pgadmin4
  repository: https://helm.runix.net
  version: 1.6.8
- name: postgresql
  repository: https://charts.bitnami.com/bitnami
  version: 10.5.0
- name: mynotesapi
  repository: ""
  version: 0.2.2
- name: kratos
  repository: file://../2.basic_kratos
  version: 0.14.1
- name: oathkeeper
  repository: file://../ory_k8s/helm/charts/oathkeeper
  version: 0.14.0
- name: kratos-selfservice-ui-node
  repository: ""
  version: 0.15.1
- name: kubeview
  repository: http://kubeview.benco.io/charts/
  version: 0.1.20
- name: kube-prometheus-stack
  repository: https://prometheus-community.github.io/helm-charts
  version: 16.12.1
- name: prometheus-postgres-exporter
  repository: https://prometheus-community.github.io/helm-charts
  version: 2.3.5
digest: sha256:8b401aaca62fe2ad25dd37070991a0e9a4842ca8018ee20a12c0a83f5802a257
generated: "2021-07-20T16:15:43.411218649+02:00"
